
Microsoft Visual Studio Solution File, Format Version 12.00
# Visual Studio 15
VisualStudioVersion = 15.0.28010.2016
MinimumVisualStudioVersion = 10.0.40219.1
Project("{FAE04EC0-301F-11D3-BF4B-00C04F79EFBC}") = "DataModelClasses", "DataModelClasses\DataModelClasses.csproj", "{61C8F352-50D2-461D-8751-ED863ECFBF8D}"
EndProject
Project("{FAE04EC0-301F-11D3-BF4B-00C04F79EFBC}") = "DataModelClasses.DataLayer", "DataModelClasses.DataLayer\DataModelClasses.DataLayer.csproj", "{FEDAEAFC-F620-4603-BD6C-422D46DD4C98}"
EndProject
Global
	GlobalSection(SolutionConfigurationPlatforms) = preSolution
		Debug|Any CPU = Debug|Any CPU
		Release|Any CPU = Release|Any CPU
	EndGlobalSection
	GlobalSection(ProjectConfigurationPlatforms) = postSolution
		{61C8F352-50D2-461D-8751-ED863ECFBF8D}.Debug|Any CPU.ActiveCfg = Debug|Any CPU
		{61C8F352-50D2-461D-8751-ED863ECFBF8D}.Debug|Any CPU.Build.0 = Debug|Any CPU
		{61C8F352-50D2-461D-8751-ED863ECFBF8D}.Release|Any CPU.ActiveCfg = Release|Any CPU
		{61C8F352-50D2-461D-8751-ED863ECFBF8D}.Release|Any CPU.Build.0 = Release|Any CPU
		{FEDAEAFC-F620-4603-BD6C-422D46DD4C98}.Debug|Any CPU.ActiveCfg = Debug|Any CPU
		{FEDAEAFC-F620-4603-BD6C-422D46DD4C98}.Debug|Any CPU.Build.0 = Debug|Any CPU
		{FEDAEAFC-F620-4603-BD6C-422D46DD4C98}.Release|Any CPU.ActiveCfg = Release|Any CPU
		{FEDAEAFC-F620-4603-BD6C-422D46DD4C98}.Release|Any CPU.Build.0 = Release|Any CPU
	EndGlobalSection
	GlobalSection(SolutionProperties) = preSolution
		HideSolutionNode = FALSE
	EndGlobalSection
	GlobalSection(ExtensibilityGlobals) = postSolution
		SolutionGuid = {D99CD443-CD85-430A-9448-EC1A520AF782}
	EndGlobalSection
EndGlobal
